
Microsoft Visual Studio Solution File, Format Version 12.00
# Visual Studio Version 16
VisualStudioVersion = 16.0.32126.315
MinimumVisualStudioVersion = 10.0.40219.1
Project("{FAE04EC0-301F-11D3-BF4B-00C04F79EFBC}") = "coreMVC", "coreMVC.csproj", "{5BD3F6FB-887D-4A30-B3EE-8B3725D6166F}"
EndProject
Global
	GlobalSection(SolutionConfigurationPlatforms) = preSolution
		Debug|Any CPU = Debug|Any CPU
		Release|Any CPU = Release|Any CPU
	EndGlobalSection
	GlobalSection(ProjectConfigurationPlatforms) = postSolution
		{5BD3F6FB-887D-4A30-B3EE-8B3725D6166F}.Debug|Any CPU.ActiveCfg = Debug|Any CPU
		{5BD3F6FB-887D-4A30-B3EE-8B3725D6166F}.Debug|Any CPU.Build.0 = Debug|Any CPU
		{5BD3F6FB-887D-4A30-B3EE-8B3725D6166F}.Release|Any CPU.ActiveCfg = Release|Any CPU
		{5BD3F6FB-887D-4A30-B3EE-8B3725D6166F}.Release|Any CPU.Build.0 = Release|Any CPU
	EndGlobalSection
	GlobalSection(SolutionProperties) = preSolution
		HideSolutionNode = FALSE
	EndGlobalSection
	GlobalSection(ExtensibilityGlobals) = postSolution
		SolutionGuid = {9100A9D1-E315-4106-8E64-A388BEC1DF51}
	EndGlobalSection
EndGlobal
